
Microsoft Visual Studio Solution File, Format Version 12.00
# Visual Studio 15
Project("{FAE04EC0-301F-11D3-BF4B-00C04F79EFBC}") = "Class1", "Class1\Class1.csproj", "{D70ED6D9-439F-4483-BBB5-E6A7ADC43674}"
EndProject
Global
	GlobalSection(SolutionConfigurationPlatforms) = preSolution
		Debug|Any CPU = Debug|Any CPU
		Release|Any CPU = Release|Any CPU
	EndGlobalSection
	GlobalSection(ProjectConfigurationPlatforms) = postSolution
		{D70ED6D9-439F-4483-BBB5-E6A7ADC43674}.Debug|Any CPU.ActiveCfg = Debug|Any CPU
		{D70ED6D9-439F-4483-BBB5-E6A7ADC43674}.Debug|Any CPU.Build.0 = Debug|Any CPU
		{D70ED6D9-439F-4483-BBB5-E6A7ADC43674}.Release|Any CPU.ActiveCfg = Release|Any CPU
		{D70ED6D9-439F-4483-BBB5-E6A7ADC43674}.Release|Any CPU.Build.0 = Release|Any CPU
	EndGlobalSection
EndGlobal
